
Microsoft Visual Studio Solution File, Format Version 12.00
# Visual Studio Version 17
VisualStudioVersion = 17.13.35806.99 d17.13
MinimumVisualStudioVersion = 10.0.40219.1
Project("{FAE04EC0-301F-11D3-BF4B-00C04F79EFBC}") = "WebApplication098", "WebApplication098.csproj", "{A56369BA-B6F4-4BB7-B613-40CF5BDC959B}"
EndProject
Global
	GlobalSection(SolutionConfigurationPlatforms) = preSolution
		Debug|Any CPU = Debug|Any CPU
		Release|Any CPU = Release|Any CPU
	EndGlobalSection
	GlobalSection(ProjectConfigurationPlatforms) = postSolution
		{A56369BA-B6F4-4BB7-B613-40CF5BDC959B}.Debug|Any CPU.ActiveCfg = Debug|Any CPU
		{A56369BA-B6F4-4BB7-B613-40CF5BDC959B}.Debug|Any CPU.Build.0 = Debug|Any CPU
		{A56369BA-B6F4-4BB7-B613-40CF5BDC959B}.Release|Any CPU.ActiveCfg = Release|Any CPU
		{A56369BA-B6F4-4BB7-B613-40CF5BDC959B}.Release|Any CPU.Build.0 = Release|Any CPU
	EndGlobalSection
	GlobalSection(SolutionProperties) = preSolution
		HideSolutionNode = FALSE
	EndGlobalSection
	GlobalSection(ExtensibilityGlobals) = postSolution
		SolutionGuid = {0A176083-5B8C-46D1-8ED6-59D7E0AB5172}
	EndGlobalSection
EndGlobal
