
Microsoft Visual Studio Solution File, Format Version 12.00
# Visual Studio Version 17
VisualStudioVersion = 17.13.35806.99 d17.13
MinimumVisualStudioVersion = 10.0.40219.1
Project("{FAE04EC0-301F-11D3-BF4B-00C04F79EFBC}") = "modifiedapp", "modifiedapp.csproj", "{A567FB60-E88F-4DE1-BE47-FAF4E65DCD4C}"
EndProject
Global
	GlobalSection(SolutionConfigurationPlatforms) = preSolution
		Debug|Any CPU = Debug|Any CPU
		Release|Any CPU = Release|Any CPU
	EndGlobalSection
	GlobalSection(ProjectConfigurationPlatforms) = postSolution
		{A567FB60-E88F-4DE1-BE47-FAF4E65DCD4C}.Debug|Any CPU.ActiveCfg = Debug|Any CPU
		{A567FB60-E88F-4DE1-BE47-FAF4E65DCD4C}.Debug|Any CPU.Build.0 = Debug|Any CPU
		{A567FB60-E88F-4DE1-BE47-FAF4E65DCD4C}.Release|Any CPU.ActiveCfg = Release|Any CPU
		{A567FB60-E88F-4DE1-BE47-FAF4E65DCD4C}.Release|Any CPU.Build.0 = Release|Any CPU
	EndGlobalSection
	GlobalSection(SolutionProperties) = preSolution
		HideSolutionNode = FALSE
	EndGlobalSection
	GlobalSection(ExtensibilityGlobals) = postSolution
		SolutionGuid = {95F11D04-6AD8-4C74-8194-B8B473481C34}
	EndGlobalSection
EndGlobal
