
Microsoft Visual Studio Solution File, Format Version 12.00
# Visual Studio Version 17
VisualStudioVersion = 17.13.35806.99 d17.13
MinimumVisualStudioVersion = 10.0.40219.1
Project("{FAE04EC0-301F-11D3-BF4B-00C04F79EFBC}") = "sqlConnectionWithMVC", "sqlConnectionWithMVC.csproj", "{F2A0A5B7-7154-4418-8EE0-033451F18499}"
EndProject
Global
	GlobalSection(SolutionConfigurationPlatforms) = preSolution
		Debug|Any CPU = Debug|Any CPU
		Release|Any CPU = Release|Any CPU
	EndGlobalSection
	GlobalSection(ProjectConfigurationPlatforms) = postSolution
		{F2A0A5B7-7154-4418-8EE0-033451F18499}.Debug|Any CPU.ActiveCfg = Debug|Any CPU
		{F2A0A5B7-7154-4418-8EE0-033451F18499}.Debug|Any CPU.Build.0 = Debug|Any CPU
		{F2A0A5B7-7154-4418-8EE0-033451F18499}.Release|Any CPU.ActiveCfg = Release|Any CPU
		{F2A0A5B7-7154-4418-8EE0-033451F18499}.Release|Any CPU.Build.0 = Release|Any CPU
	EndGlobalSection
	GlobalSection(SolutionProperties) = preSolution
		HideSolutionNode = FALSE
	EndGlobalSection
	GlobalSection(ExtensibilityGlobals) = postSolution
		SolutionGuid = {D5B960F7-694F-4D74-80B7-8756600825F1}
	EndGlobalSection
EndGlobal
